// !$*UTF8*$!
{
	archiveVersion = 1;
	classes = {
	};
	objectVersion = 77;
	objects = {

/* Begin PBXBuildFile section */
		EC6E99002CAF68E0009D0CB1 /* Assets.xcassets in Resources */ = {isa = PBXBuildFile; fileRef = EC6E98FF2CAF68E0009D0CB1 /* Assets.xcassets */; };
/* End PBXBuildFile section */

/* Begin PBXContainerItemProxy section */
		EC6E99092CAF68E0009D0CB1 /* PBXContainerItemProxy */ = {
			isa = PBXContainerItemProxy;
			containerPortal = EC6E98F02CAF68DF009D0CB1 /* Project object */;
			proxyType = 1;
			remoteGlobalIDString = EC6E98F72CAF68DF009D0CB1;
			remoteInfo = YNU_Tokiwa;
		};
		EC6E99132CAF68E0009D0CB1 /* PBXContainerItemProxy */ = {
			isa = PBXContainerItemProxy;
			containerPortal = EC6E98F02CAF68DF009D0CB1 /* Project object */;
			proxyType = 1;
			remoteGlobalIDString = EC6E98F72CAF68DF009D0CB1;
			remoteInfo = YNU_Tokiwa;
		};
/* End PBXContainerItemProxy section */

/* Begin PBXFileReference section */
		EC6E98F82CAF68DF009D0CB1 /* YNU_Tokiwa.app */ = {isa = PBXFileReference; explicitFileType = wrapper.application; includeInIndex = 0; path = YNU_Tokiwa.app; sourceTree = BUILT_PRODUCTS_DIR; };
		EC6E98FF2CAF68E0009D0CB1 /* Assets.xcassets */ = {isa = PBXFileReference; lastKnownFileType = folder.assetcatalog; path = Assets.xcassets; sourceTree = "<group>"; };
		EC6E99082CAF68E0009D0CB1 /* YNU_TokiwaTests.xctest */ = {isa = PBXFileReference; explicitFileType = wrapper.cfbundle; includeInIndex = 0; path = YNU_TokiwaTests.xctest; sourceTree = BUILT_PRODUCTS_DIR; };
		EC6E99122CAF68E0009D0CB1 /* YNU_TokiwaUITests.xctest */ = {isa = PBXFileReference; explicitFileType = wrapper.cfbundle; includeInIndex = 0; path = YNU_TokiwaUITests.xctest; sourceTree = BUILT_PRODUCTS_DIR; };
/* End PBXFileReference section */

/* Begin PBXFileSystemSynchronizedRootGroup section */
		EC6E98FA2CAF68DF009D0CB1 /* YNU_Tokiwa */ = {
			isa = PBXFileSystemSynchronizedRootGroup;
			path = YNU_Tokiwa;
			sourceTree = "<group>";
		};
		EC6E990B2CAF68E0009D0CB1 /* YNU_TokiwaTests */ = {
			isa = PBXFileSystemSynchronizedRootGroup;
			path = YNU_TokiwaTests;
			sourceTree = "<group>";
		};
		EC6E99152CAF68E0009D0CB1 /* YNU_TokiwaUITests */ = {
			isa = PBXFileSystemSynchronizedRootGroup;
			path = YNU_TokiwaUITests;
			sourceTree = "<group>";
		};
/* End PBXFileSystemSynchronizedRootGroup section */

/* Begin PBXFrameworksBuildPhase section */
		EC6E98F52CAF68DF009D0CB1 /* Frameworks */ = {
			isa = PBXFrameworksBuildPhase;
			buildActionMask = 2147483647;
			files = (
			);
			runOnlyForDeploymentPostprocessing = 0;
		};
		EC6E99052CAF68E0009D0CB1 /* Frameworks */ = {
			isa = PBXFrameworksBuildPhase;
			buildActionMask = 2147483647;
			files = (
			);
			runOnlyForDeploymentPostprocessing = 0;
		};
		EC6E990F2CAF68E0009D0CB1 /* Frameworks */ = {
			isa = PBXFrameworksBuildPhase;
			buildActionMask = 2147483647;
			files = (
			);
			runOnlyForDeploymentPostprocessing = 0;
		};
/* End PBXFrameworksBuildPhase section */

/* Begin PBXGroup section */
		EC6E98EF2CAF68DF009D0CB1 = {
			isa = PBXGroup;
			children = (
				EC6E98FA2CAF68DF009D0CB1 /* YNU_Tokiwa */,
				EC6E990B2CAF68E0009D0CB1 /* YNU_TokiwaTests */,
				EC6E99152CAF68E0009D0CB1 /* YNU_TokiwaUITests */,
				EC6E98FF2CAF68E0009D0CB1 /* Assets.xcassets */,
				EC6E98F92CAF68DF009D0CB1 /* Products */,
			);
			sourceTree = "<group>";
		};
		EC6E98F92CAF68DF009D0CB1 /* Products */ = {
			isa = PBXGroup;
			children = (
				EC6E98F82CAF68DF009D0CB1 /* YNU_Tokiwa.app */,
				EC6E99082CAF68E0009D0CB1 /* YNU_TokiwaTests.xctest */,
				EC6E99122CAF68E0009D0CB1 /* YNU_TokiwaUITests.xctest */,
			);
			name = Products;
			sourceTree = "<group>";
		};
/* End PBXGroup section */

/* Begin PBXNativeTarget section */
		EC6E98F72CAF68DF009D0CB1 /* YNU_Tokiwa */ = {
			isa = PBXNativeTarget;
			buildConfigurationList = EC6E991C2CAF68E0009D0CB1 /* Build configuration list for PBXNativeTarget "YNU_Tokiwa" */;
			buildPhases = (
				EC6E98F42CAF68DF009D0CB1 /* Sources */,
				EC6E98F52CAF68DF009D0CB1 /* Frameworks */,
				EC6E98F62CAF68DF009D0CB1 /* Resources */,
			);
			buildRules = (
			);
			dependencies = (
			);
			fileSystemSynchronizedGroups = (
				EC6E98FA2CAF68DF009D0CB1 /* YNU_Tokiwa */,
			);
			name = YNU_Tokiwa;
			packageProductDependencies = (
			);
			productName = YNU_Tokiwa;
			productReference = EC6E98F82CAF68DF009D0CB1 /* YNU_Tokiwa.app */;
			productType = "com.apple.product-type.application";
		};
		EC6E99072CAF68E0009D0CB1 /* YNU_TokiwaTests */ = {
			isa = PBXNativeTarget;
			buildConfigurationList = EC6E991F2CAF68E0009D0CB1 /* Build configuration list for PBXNativeTarget "YNU_TokiwaTests" */;
			buildPhases = (
				EC6E99042CAF68E0009D0CB1 /* Sources */,
				EC6E99052CAF68E0009D0CB1 /* Frameworks */,
				EC6E99062CAF68E0009D0CB1 /* Resources */,
			);
			buildRules = (
			);
			dependencies = (
				EC6E990A2CAF68E0009D0CB1 /* PBXTargetDependency */,
			);
			fileSystemSynchronizedGroups = (
				EC6E990B2CAF68E0009D0CB1 /* YNU_TokiwaTests */,
			);
			name = YNU_TokiwaTests;
			packageProductDependencies = (
			);
			productName = YNU_TokiwaTests;
			productReference = EC6E99082CAF68E0009D0CB1 /* YNU_TokiwaTests.xctest */;
			productType = "com.apple.product-type.bundle.unit-test";
		};
		EC6E99112CAF68E0009D0CB1 /* YNU_TokiwaUITests */ = {
			isa = PBXNativeTarget;
			buildConfigurationList = EC6E99222CAF68E0009D0CB1 /* Build configuration list for PBXNativeTarget "YNU_TokiwaUITests" */;
			buildPhases = (
				EC6E990E2CAF68E0009D0CB1 /* Sources */,
				EC6E990F2CAF68E0009D0CB1 /* Frameworks */,
				EC6E99102CAF68E0009D0CB1 /* Resources */,
			);
			buildRules = (
			);
			dependencies = (
				EC6E99142CAF68E0009D0CB1 /* PBXTargetDependency */,
			);
			fileSystemSynchronizedGroups = (
				EC6E99152CAF68E0009D0CB1 /* YNU_TokiwaUITests */,
			);
			name = YNU_TokiwaUITests;
			packageProductDependencies = (
			);
			productName = YNU_TokiwaUITests;
			productReference = EC6E99122CAF68E0009D0CB1 /* YNU_TokiwaUITests.xctest */;
			productType = "com.apple.product-type.bundle.ui-testing";
		};
/* End PBXNativeTarget section */

/* Begin PBXProject section */
		EC6E98F02CAF68DF009D0CB1 /* Project object */ = {
			isa = PBXProject;
			attributes = {
				BuildIndependentTargetsInParallel = 1;
				LastSwiftUpdateCheck = 1600;
				LastUpgradeCheck = 1600;
				TargetAttributes = {
					EC6E98F72CAF68DF009D0CB1 = {
						CreatedOnToolsVersion = 16.0;
					};
					EC6E99072CAF68E0009D0CB1 = {
						CreatedOnToolsVersion = 16.0;
						TestTargetID = EC6E98F72CAF68DF009D0CB1;
					};
					EC6E99112CAF68E0009D0CB1 = {
						CreatedOnToolsVersion = 16.0;
						TestTargetID = EC6E98F72CAF68DF009D0CB1;
					};
				};
			};
			buildConfigurationList = EC6E98F32CAF68DF009D0CB1 /* Build configuration list for PBXProject "YNU_Tokiwa" */;
			developmentRegion = en;
			hasScannedForEncodings = 0;
			knownRegions = (
				en,
				Base,
			);
			mainGroup = EC6E98EF2CAF68DF009D0CB1;
			minimizedProjectReferenceProxies = 1;
			preferredProjectObjectVersion = 77;
			productRefGroup = EC6E98F92CAF68DF009D0CB1 /* Products */;
			projectDirPath = "";
			projectRoot = "";
			targets = (
				EC6E98F72CAF68DF009D0CB1 /* YNU_Tokiwa */,
				EC6E99072CAF68E0009D0CB1 /* YNU_TokiwaTests */,
				EC6E99112CAF68E0009D0CB1 /* YNU_TokiwaUITests */,
			);
		};
/* End PBXProject section */

/* Begin PBXResourcesBuildPhase section */
		EC6E98F62CAF68DF009D0CB1 /* Resources */ = {
			isa = PBXResourcesBuildPhase;
			buildActionMask = 2147483647;
			files = (
				EC6E99002CAF68E0009D0CB1 /* Assets.xcassets in Resources */,
			);
			runOnlyForDeploymentPostprocessing = 0;
		};
		EC6E99062CAF68E0009D0CB1 /* Resources */ = {
			isa = PBXResourcesBuildPhase;
			buildActionMask = 2147483647;
			files = (
			);
			runOnlyForDeploymentPostprocessing = 0;
		};
		EC6E99102CAF68E0009D0CB1 /* Resources */ = {
			isa = PBXResourcesBuildPhase;
			buildActionMask = 2147483647;
			files = (
			);
			runOnlyForDeploymentPostprocessing = 0;
		};
/* End PBXResourcesBuildPhase section */

/* Begin PBXSourcesBuildPhase section */
		EC6E98F42CAF68DF009D0CB1 /* Sources */ = {
			isa = PBXSourcesBuildPhase;
			buildActionMask = 2147483647;
			files = (
			);
			runOnlyForDeploymentPostprocessing = 0;
		};
		EC6E99042CAF68E0009D0CB1 /* Sources */ = {
			isa = PBXSourcesBuildPhase;
			buildActionMask = 2147483647;
			files = (
			);
			runOnlyForDeploymentPostprocessing = 0;
		};
		EC6E990E2CAF68E0009D0CB1 /* Sources */ = {
			isa = PBXSourcesBuildPhase;
			buildActionMask = 2147483647;
			files = (
			);
			runOnlyForDeploymentPostprocessing = 0;
		};
/* End PBXSourcesBuildPhase section */

/* Begin PBXTargetDependency section */
		EC6E990A2CAF68E0009D0CB1 /* PBXTargetDependency */ = {
			isa = PBXTargetDependency;
			target = EC6E98F72CAF68DF009D0CB1 /* YNU_Tokiwa */;
			targetProxy = EC6E99092CAF68E0009D0CB1 /* PBXContainerItemProxy */;
		};
		EC6E99142CAF68E0009D0CB1 /* PBXTargetDependency */ = {
			isa = PBXTargetDependency;
			target = EC6E98F72CAF68DF009D0CB1 /* YNU_Tokiwa */;
			targetProxy = EC6E99132CAF68E0009D0CB1 /* PBXContainerItemProxy */;
		};
/* End PBXTargetDependency section */

/* Begin XCBuildConfiguration section */
		EC6E991A2CAF68E0009D0CB1 /* Debug */ = {
			isa = XCBuildConfiguration;
			buildSettings = {
				ALWAYS_SEARCH_USER_PATHS = NO;
				ASSETCATALOG_COMPILER_GENERATE_SWIFT_ASSET_SYMBOL_EXTENSIONS = YES;
				CLANG_ANALYZER_NONNULL = YES;
				CLANG_ANALYZER_NUMBER_OBJECT_CONVERSION = YES_AGGRESSIVE;
				CLANG_CXX_LANGUAGE_STANDARD = "gnu++20";
				CLANG_ENABLE_MODULES = YES;
				CLANG_ENABLE_OBJC_ARC = YES;
				CLANG_ENABLE_OBJC_WEAK = YES;
				CLANG_WARN_BLOCK_CAPTURE_AUTORELEASING = YES;
				CLANG_WARN_BOOL_CONVERSION = YES;
				CLANG_WARN_COMMA = YES;
				CLANG_WARN_CONSTANT_CONVERSION = YES;
				CLANG_WARN_DEPRECATED_OBJC_IMPLEMENTATIONS = YES;
				CLANG_WARN_DIRECT_OBJC_ISA_USAGE = YES_ERROR;
				CLANG_WARN_DOCUMENTATION_COMMENTS = YES;
				CLANG_WARN_EMPTY_BODY = YES;
				CLANG_WARN_ENUM_CONVERSION = YES;
				CLANG_WARN_INFINITE_RECURSION = YES;
				CLANG_WARN_INT_CONVERSION = YES;
				CLANG_WARN_NON_LITERAL_NULL_CONVERSION = YES;
				CLANG_WARN_OBJC_IMPLICIT_RETAIN_SELF = YES;
				CLANG_WARN_OBJC_LITERAL_CONVERSION = YES;
				CLANG_WARN_OBJC_ROOT_CLASS = YES_ERROR;
				CLANG_WARN_QUOTED_INCLUDE_IN_FRAMEWORK_HEADER = YES;
				CLANG_WARN_RANGE_LOOP_ANALYSIS = YES;
				CLANG_WARN_STRICT_PROTOTYPES = YES;
				CLANG_WARN_SUSPICIOUS_MOVE = YES;
				CLANG_WARN_UNGUARDED_AVAILABILITY = YES_AGGRESSIVE;
				CLANG_WARN_UNREACHABLE_CODE = YES;
				CLANG_WARN__DUPLICATE_METHOD_MATCH = YES;
				COPY_PHASE_STRIP = NO;
				DEBUG_INFORMATION_FORMAT = dwarf;
				ENABLE_STRICT_OBJC_MSGSEND = YES;
				ENABLE_TESTABILITY = YES;
				ENABLE_USER_SCRIPT_SANDBOXING = YES;
				GCC_C_LANGUAGE_STANDARD = gnu17;
				GCC_DYNAMIC_NO_PIC = NO;
				GCC_NO_COMMON_BLOCKS = YES;
				GCC_OPTIMIZATION_LEVEL = 0;
				GCC_PREPROCESSOR_DEFINITIONS = (
					"DEBUG=1",
					"$(inherited)",
				);
				GCC_WARN_64_TO_32_BIT_CONVERSION = YES;
				GCC_WARN_ABOUT_RETURN_TYPE = YES_ERROR;
				GCC_WARN_UNDECLARED_SELECTOR = YES;
				GCC_WARN_UNINITIALIZED_AUTOS = YES_AGGRESSIVE;
				GCC_WARN_UNUSED_FUNCTION = YES;
				GCC_WARN_UNUSED_VARIABLE = YES;
				IPHONEOS_DEPLOYMENT_TARGET = 18.0;
				LOCALIZATION_PREFERS_STRING_CATALOGS = YES;
				MTL_ENABLE_DEBUG_INFO = INCLUDE_SOURCE;
				MTL_FAST_MATH = YES;
				ONLY_ACTIVE_ARCH = YES;
				SDKROOT = iphoneos;
				SWIFT_ACTIVE_COMPILATION_CONDITIONS = "DEBUG $(inherited)";
				SWIFT_OPTIMIZATION_LEVEL = "-Onone";
			};
			name = Debug;
		};
		EC6E991B2CAF68E0009D0CB1 /* Release */ = {
			isa = XCBuildConfiguration;
			buildSettings = {
				ALWAYS_SEARCH_USER_PATHS = NO;
				ASSETCATALOG_COMPILER_GENERATE_SWIFT_ASSET_SYMBOL_EXTENSIONS = YES;
				CLANG_ANALYZER_NONNULL = YES;
				CLANG_ANALYZER_NUMBER_OBJECT_CONVERSION = YES_AGGRESSIVE;
				CLANG_CXX_LANGUAGE_STANDARD = "gnu++20";
				CLANG_ENABLE_MODULES = YES;
				CLANG_ENABLE_OBJC_ARC = YES;
				CLANG_ENABLE_OBJC_WEAK = YES;
				CLANG_WARN_BLOCK_CAPTURE_AUTORELEASING = YES;
				CLANG_WARN_BOOL_CONVERSION = YES;
				CLANG_WARN_COMMA = YES;
				CLANG_WARN_CONSTANT_CONVERSION = YES;
				CLANG_WARN_DEPRECATED_OBJC_IMPLEMENTATIONS = YES;
				CLANG_WARN_DIRECT_OBJC_ISA_USAGE = YES_ERROR;
				CLANG_WARN_DOCUMENTATION_COMMENTS = YES;
				CLANG_WARN_EMPTY_BODY = YES;
				CLANG_WARN_ENUM_CONVERSION = YES;
				CLANG_WARN_INFINITE_RECURSION = YES;
				CLANG_WARN_INT_CONVERSION = YES;
				CLANG_WARN_NON_LITERAL_NULL_CONVERSION = YES;
				CLANG_WARN_OBJC_IMPLICIT_RETAIN_SELF = YES;
				CLANG_WARN_OBJC_LITERAL_CONVERSION = YES;
				CLANG_WARN_OBJC_ROOT_CLASS = YES_ERROR;
				CLANG_WARN_QUOTED_INCLUDE_IN_FRAMEWORK_HEADER = YES;
				CLANG_WARN_RANGE_LOOP_ANALYSIS = YES;
				CLANG_WARN_STRICT_PROTOTYPES = YES;
				CLANG_WARN_SUSPICIOUS_MOVE = YES;
				CLANG_WARN_UNGUARDED_AVAILABILITY = YES_AGGRESSIVE;
				CLANG_WARN_UNREACHABLE_CODE = YES;
				CLANG_WARN__DUPLICATE_METHOD_MATCH = YES;
				COPY_PHASE_STRIP = NO;
				DEBUG_INFORMATION_FORMAT = "dwarf-with-dsym";
				ENABLE_NS_ASSERTIONS = NO;
				ENABLE_STRICT_OBJC_MSGSEND = YES;
				ENABLE_USER_SCRIPT_SANDBOXING = YES;
				GCC_C_LANGUAGE_STANDARD = gnu17;
				GCC_NO_COMMON_BLOCKS = YES;
				GCC_WARN_64_TO_32_BIT_CONVERSION = YES;
				GCC_WARN_ABOUT_RETURN_TYPE = YES_ERROR;
				GCC_WARN_UNDECLARED_SELECTOR = YES;
				GCC_WARN_UNINITIALIZED_AUTOS = YES_AGGRESSIVE;
				GCC_WARN_UNUSED_FUNCTION = YES;
				GCC_WARN_UNUSED_VARIABLE = YES;
				IPHONEOS_DEPLOYMENT_TARGET = 18.0;
				LOCALIZATION_PREFERS_STRING_CATALOGS = YES;
				MTL_ENABLE_DEBUG_INFO = NO;
				MTL_FAST_MATH = YES;
				SDKROOT = iphoneos;
				SWIFT_COMPILATION_MODE = wholemodule;
				VALIDATE_PRODUCT = YES;
			};
			name = Release;
		};
		EC6E991D2CAF68E0009D0CB1 /* Debug */ = {
			isa = XCBuildConfiguration;
			buildSettings = {
				ASSETCATALOG_COMPILER_APPICON_NAME = AppIcon;
				ASSETCATALOG_COMPILER_GLOBAL_ACCENT_COLOR_NAME = AccentColor;
				CODE_SIGN_STYLE = Automatic;
				CURRENT_PROJECT_VERSION = 1;
				DEVELOPMENT_ASSET_PATHS = "\"YNU_Tokiwa/Preview Content\"";
				DEVELOPMENT_TEAM = K6CP3MSN8S;
				ENABLE_PREVIEWS = YES;
				GENERATE_INFOPLIST_FILE = YES;
				INFOPLIST_KEY_UIApplicationSceneManifest_Generation = YES;
				INFOPLIST_KEY_UIApplicationSupportsIndirectInputEvents = YES;
				INFOPLIST_KEY_UILaunchScreen_Generation = YES;
				INFOPLIST_KEY_UISupportedInterfaceOrientations_iPad = "UIInterfaceOrientationPortrait UIInterfaceOrientationPortraitUpsideDown UIInterfaceOrientationLandscapeLeft UIInterfaceOrientationLandscapeRight";
				INFOPLIST_KEY_UISupportedInterfaceOrientations_iPhone = "UIInterfaceOrientationPortrait UIInterfaceOrientationLandscapeLeft UIInterfaceOrientationLandscapeRight";
				IPHONEOS_DEPLOYMENT_TARGET = 17.5;
				LD_RUNPATH_SEARCH_PATHS = (
					"$(inherited)",
					"@executable_path/Frameworks",
				);
				MARKETING_VERSION = 1.0;
				PRODUCT_BUNDLE_IDENTIFIER = "com.gmail.hk.kazuki.hayashi.YNU-Tokiwa";
				PRODUCT_NAME = "$(TARGET_NAME)";
				SWIFT_EMIT_LOC_STRINGS = YES;
				SWIFT_VERSION = 5.0;
				TARGETED_DEVICE_FAMILY = "1,2";
			};
			name = Debug;
		};
		EC6E991E2CAF68E0009D0CB1 /* Release */ = {
			isa = XCBuildConfiguration;
			buildSettings = {
				ASSETCATALOG_COMPILER_APPICON_NAME = AppIcon;
				ASSETCATALOG_COMPILER_GLOBAL_ACCENT_COLOR_NAME = AccentColor;
				CODE_SIGN_STYLE = Automatic;
				CURRENT_PROJECT_VERSION = 1;
				DEVELOPMENT_ASSET_PATHS = "\"YNU_Tokiwa/Preview Content\"";
				DEVELOPMENT_TEAM = K6CP3MSN8S;
				ENABLE_PREVIEWS = YES;
				GENERATE_INFOPLIST_FILE = YES;
				INFOPLIST_KEY_UIApplicationSceneManifest_Generation = YES;
				INFOPLIST_KEY_UIApplicationSupportsIndirectInputEvents = YES;
				INFOPLIST_KEY_UILaunchScreen_Generation = YES;
				INFOPLIST_KEY_UISupportedInterfaceOrientations_iPad = "UIInterfaceOrientationPortrait UIInterfaceOrientationPortraitUpsideDown UIInterfaceOrientationLandscapeLeft UIInterfaceOrientationLandscapeRight";
				INFOPLIST_KEY_UISupportedInterfaceOrientations_iPhone = "UIInterfaceOrientationPortrait UIInterfaceOrientationLandscapeLeft UIInterfaceOrientationLandscapeRight";
				IPHONEOS_DEPLOYMENT_TARGET = 17.5;
				LD_RUNPATH_SEARCH_PATHS = (
					"$(inherited)",
					"@executable_path/Frameworks",
				);
				MARKETING_VERSION = 1.0;
				PRODUCT_BUNDLE_IDENTIFIER = "com.gmail.hk.kazuki.hayashi.YNU-Tokiwa";
				PRODUCT_NAME = "$(TARGET_NAME)";
				SWIFT_EMIT_LOC_STRINGS = YES;
				SWIFT_VERSION = 5.0;
				TARGETED_DEVICE_FAMILY = "1,2";
			};
			name = Release;
		};
		EC6E99202CAF68E0009D0CB1 /* Debug */ = {
			isa = XCBuildConfiguration;
			buildSettings = {
				BUNDLE_LOADER = "$(TEST_HOST)";
				CODE_SIGN_STYLE = Automatic;
				CURRENT_PROJECT_VERSION = 1;
				DEVELOPMENT_TEAM = K6CP3MSN8S;
				GENERATE_INFOPLIST_FILE = YES;
				IPHONEOS_DEPLOYMENT_TARGET = 18.0;
				MARKETING_VERSION = 1.0;
				PRODUCT_BUNDLE_IDENTIFIER = "com.gmail.hk.kazuki.hayashi.YNU-TokiwaTests";
				PRODUCT_NAME = "$(TARGET_NAME)";
				SWIFT_EMIT_LOC_STRINGS = NO;
				SWIFT_VERSION = 5.0;
				TARGETED_DEVICE_FAMILY = "1,2";
				TEST_HOST = "$(BUILT_PRODUCTS_DIR)/YNU_Tokiwa.app/$(BUNDLE_EXECUTABLE_FOLDER_PATH)/YNU_Tokiwa";
			};
			name = Debug;
		};
		EC6E99212CAF68E0009D0CB1 /* Release */ = {
			isa = XCBuildConfiguration;
			buildSettings = {
				BUNDLE_LOADER = "$(TEST_HOST)";
				CODE_SIGN_STYLE = Automatic;
				CURRENT_PROJECT_VERSION = 1;
				DEVELOPMENT_TEAM = K6CP3MSN8S;
				GENERATE_INFOPLIST_FILE = YES;
				IPHONEOS_DEPLOYMENT_TARGET = 18.0;
				MARKETING_VERSION = 1.0;
				PRODUCT_BUNDLE_IDENTIFIER = "com.gmail.hk.kazuki.hayashi.YNU-TokiwaTests";
				PRODUCT_NAME = "$(TARGET_NAME)";
				SWIFT_EMIT_LOC_STRINGS = NO;
				SWIFT_VERSION = 5.0;
				TARGETED_DEVICE_FAMILY = "1,2";
				TEST_HOST = "$(BUILT_PRODUCTS_DIR)/YNU_Tokiwa.app/$(BUNDLE_EXECUTABLE_FOLDER_PATH)/YNU_Tokiwa";
			};
			name = Release;
		};
		EC6E99232CAF68E0009D0CB1 /* Debug */ = {
			isa = XCBuildConfiguration;
			buildSettings = {
				CODE_SIGN_STYLE = Automatic;
				CURRENT_PROJECT_VERSION = 1;
				DEVELOPMENT_TEAM = K6CP3MSN8S;
				GENERATE_INFOPLIST_FILE = YES;
				MARKETING_VERSION = 1.0;
				PRODUCT_BUNDLE_IDENTIFIER = "com.gmail.hk.kazuki.hayashi.YNU-TokiwaUITests";
				PRODUCT_NAME = "$(TARGET_NAME)";
				SWIFT_EMIT_LOC_STRINGS = NO;
				SWIFT_VERSION = 5.0;
				TARGETED_DEVICE_FAMILY = "1,2";
				TEST_TARGET_NAME = YNU_Tokiwa;
			};
			name = Debug;
		};
		EC6E99242CAF68E0009D0CB1 /* Release */ = {
			isa = XCBuildConfiguration;
			buildSettings = {
				CODE_SIGN_STYLE = Automatic;
				CURRENT_PROJECT_VERSION = 1;
				DEVELOPMENT_TEAM = K6CP3MSN8S;
				GENERATE_INFOPLIST_FILE = YES;
				MARKETING_VERSION = 1.0;
				PRODUCT_BUNDLE_IDENTIFIER = "com.gmail.hk.kazuki.hayashi.YNU-TokiwaUITests";
				PRODUCT_NAME = "$(TARGET_NAME)";
				SWIFT_EMIT_LOC_STRINGS = NO;
				SWIFT_VERSION = 5.0;
				TARGETED_DEVICE_FAMILY = "1,2";
				TEST_TARGET_NAME = YNU_Tokiwa;
			};
			name = Release;
		};
/* End XCBuildConfiguration section */

/* Begin XCConfigurationList section */
		EC6E98F32CAF68DF009D0CB1 /* Build configuration list for PBXProject "YNU_Tokiwa" */ = {
			isa = XCConfigurationList;
			buildConfigurations = (
				EC6E991A2CAF68E0009D0CB1 /* Debug */,
				EC6E991B2CAF68E0009D0CB1 /* Release */,
			);
			defaultConfigurationIsVisible = 0;
			defaultConfigurationName = Release;
		};
		EC6E991C2CAF68E0009D0CB1 /* Build configuration list for PBXNativeTarget "YNU_Tokiwa" */ = {
			isa = XCConfigurationList;
			buildConfigurations = (
				EC6E991D2CAF68E0009D0CB1 /* Debug */,
				EC6E991E2CAF68E0009D0CB1 /* Release */,
			);
			defaultConfigurationIsVisible = 0;
			defaultConfigurationName = Release;
		};
		EC6E991F2CAF68E0009D0CB1 /* Build configuration list for PBXNativeTarget "YNU_TokiwaTests" */ = {
			isa = XCConfigurationList;
			buildConfigurations = (
				EC6E99202CAF68E0009D0CB1 /* Debug */,
				EC6E99212CAF68E0009D0CB1 /* Release */,
			);
			defaultConfigurationIsVisible = 0;
			defaultConfigurationName = Release;
		};
		EC6E99222CAF68E0009D0CB1 /* Build configuration list for PBXNativeTarget "YNU_TokiwaUITests" */ = {
			isa = XCConfigurationList;
			buildConfigurations = (
				EC6E99232CAF68E0009D0CB1 /* Debug */,
				EC6E99242CAF68E0009D0CB1 /* Release */,
			);
			defaultConfigurationIsVisible = 0;
			defaultConfigurationName = Release;
		};
/* End XCConfigurationList section */
	};
	rootObject = EC6E98F02CAF68DF009D0CB1 /* Project object */;
}
